
Microsoft Visual Studio Solution File, Format Version 12.00
# Visual Studio 15
VisualStudioVersion = 15.0.26124.0
MinimumVisualStudioVersion = 15.0.26124.0
Project("{FAE04EC0-301F-11D3-BF4B-00C04F79EFBC}") = "ProEventos.Application", "ProEventos.Application\ProEventos.Application.csproj", "{576AE455-6751-4337-A2C9-9F7605BA570C}"
EndProject
Project("{FAE04EC0-301F-11D3-BF4B-00C04F79EFBC}") = "ProEventos.Domain", "ProEventos.Domain\ProEventos.Domain.csproj", "{DA23F69D-70F0-44DA-A097-2E0F0F05901B}"
EndProject
Project("{FAE04EC0-301F-11D3-BF4B-00C04F79EFBC}") = "ProEventos.API", "ProEventos.Api\ProEventos.API.csproj", "{9641FFA7-E4DA-469F-BB50-CAF74B4E433D}"
EndProject
Project("{FAE04EC0-301F-11D3-BF4B-00C04F79EFBC}") = "ProEventos.Persistence", "ProEventos.Persistence\ProEventos.Persistence.csproj", "{2CA23302-9E67-4113-93CA-8BA2FBD4C517}"
EndProject
Global
	GlobalSection(SolutionConfigurationPlatforms) = preSolution
		Debug|Any CPU = Debug|Any CPU
		Debug|x64 = Debug|x64
		Debug|x86 = Debug|x86
		Release|Any CPU = Release|Any CPU
		Release|x64 = Release|x64
		Release|x86 = Release|x86
	EndGlobalSection
	GlobalSection(SolutionProperties) = preSolution
		HideSolutionNode = FALSE
	EndGlobalSection
	GlobalSection(ProjectConfigurationPlatforms) = postSolution
		{576AE455-6751-4337-A2C9-9F7605BA570C}.Debug|Any CPU.ActiveCfg = Debug|Any CPU
		{576AE455-6751-4337-A2C9-9F7605BA570C}.Debug|Any CPU.Build.0 = Debug|Any CPU
		{576AE455-6751-4337-A2C9-9F7605BA570C}.Debug|x64.ActiveCfg = Debug|Any CPU
		{576AE455-6751-4337-A2C9-9F7605BA570C}.Debug|x64.Build.0 = Debug|Any CPU
		{576AE455-6751-4337-A2C9-9F7605BA570C}.Debug|x86.ActiveCfg = Debug|Any CPU
		{576AE455-6751-4337-A2C9-9F7605BA570C}.Debug|x86.Build.0 = Debug|Any CPU
		{576AE455-6751-4337-A2C9-9F7605BA570C}.Release|Any CPU.ActiveCfg = Release|Any CPU
		{576AE455-6751-4337-A2C9-9F7605BA570C}.Release|Any CPU.Build.0 = Release|Any CPU
		{576AE455-6751-4337-A2C9-9F7605BA570C}.Release|x64.ActiveCfg = Release|Any CPU
		{576AE455-6751-4337-A2C9-9F7605BA570C}.Release|x64.Build.0 = Release|Any CPU
		{576AE455-6751-4337-A2C9-9F7605BA570C}.Release|x86.ActiveCfg = Release|Any CPU
		{576AE455-6751-4337-A2C9-9F7605BA570C}.Release|x86.Build.0 = Release|Any CPU
		{DA23F69D-70F0-44DA-A097-2E0F0F05901B}.Debug|Any CPU.ActiveCfg = Debug|Any CPU
		{DA23F69D-70F0-44DA-A097-2E0F0F05901B}.Debug|Any CPU.Build.0 = Debug|Any CPU
		{DA23F69D-70F0-44DA-A097-2E0F0F05901B}.Debug|x64.ActiveCfg = Debug|Any CPU
		{DA23F69D-70F0-44DA-A097-2E0F0F05901B}.Debug|x64.Build.0 = Debug|Any CPU
		{DA23F69D-70F0-44DA-A097-2E0F0F05901B}.Debug|x86.ActiveCfg = Debug|Any CPU
		{DA23F69D-70F0-44DA-A097-2E0F0F05901B}.Debug|x86.Build.0 = Debug|Any CPU
		{DA23F69D-70F0-44DA-A097-2E0F0F05901B}.Release|Any CPU.ActiveCfg = Release|Any CPU
		{DA23F69D-70F0-44DA-A097-2E0F0F05901B}.Release|Any CPU.Build.0 = Release|Any CPU
		{DA23F69D-70F0-44DA-A097-2E0F0F05901B}.Release|x64.ActiveCfg = Release|Any CPU
		{DA23F69D-70F0-44DA-A097-2E0F0F05901B}.Release|x64.Build.0 = Release|Any CPU
		{DA23F69D-70F0-44DA-A097-2E0F0F05901B}.Release|x86.ActiveCfg = Release|Any CPU
		{DA23F69D-70F0-44DA-A097-2E0F0F05901B}.Release|x86.Build.0 = Release|Any CPU
		{9641FFA7-E4DA-469F-BB50-CAF74B4E433D}.Debug|Any CPU.ActiveCfg = Debug|Any CPU
		{9641FFA7-E4DA-469F-BB50-CAF74B4E433D}.Debug|Any CPU.Build.0 = Debug|Any CPU
		{9641FFA7-E4DA-469F-BB50-CAF74B4E433D}.Debug|x64.ActiveCfg = Debug|Any CPU
		{9641FFA7-E4DA-469F-BB50-CAF74B4E433D}.Debug|x64.Build.0 = Debug|Any CPU
		{9641FFA7-E4DA-469F-BB50-CAF74B4E433D}.Debug|x86.ActiveCfg = Debug|Any CPU
		{9641FFA7-E4DA-469F-BB50-CAF74B4E433D}.Debug|x86.Build.0 = Debug|Any CPU
		{9641FFA7-E4DA-469F-BB50-CAF74B4E433D}.Release|Any CPU.ActiveCfg = Release|Any CPU
		{9641FFA7-E4DA-469F-BB50-CAF74B4E433D}.Release|Any CPU.Build.0 = Release|Any CPU
		{9641FFA7-E4DA-469F-BB50-CAF74B4E433D}.Release|x64.ActiveCfg = Release|Any CPU
		{9641FFA7-E4DA-469F-BB50-CAF74B4E433D}.Release|x64.Build.0 = Release|Any CPU
		{9641FFA7-E4DA-469F-BB50-CAF74B4E433D}.Release|x86.ActiveCfg = Release|Any CPU
		{9641FFA7-E4DA-469F-BB50-CAF74B4E433D}.Release|x86.Build.0 = Release|Any CPU
		{2CA23302-9E67-4113-93CA-8BA2FBD4C517}.Debug|Any CPU.ActiveCfg = Debug|Any CPU
		{2CA23302-9E67-4113-93CA-8BA2FBD4C517}.Debug|Any CPU.Build.0 = Debug|Any CPU
		{2CA23302-9E67-4113-93CA-8BA2FBD4C517}.Debug|x64.ActiveCfg = Debug|Any CPU
		{2CA23302-9E67-4113-93CA-8BA2FBD4C517}.Debug|x64.Build.0 = Debug|Any CPU
		{2CA23302-9E67-4113-93CA-8BA2FBD4C517}.Debug|x86.ActiveCfg = Debug|Any CPU
		{2CA23302-9E67-4113-93CA-8BA2FBD4C517}.Debug|x86.Build.0 = Debug|Any CPU
		{2CA23302-9E67-4113-93CA-8BA2FBD4C517}.Release|Any CPU.ActiveCfg = Release|Any CPU
		{2CA23302-9E67-4113-93CA-8BA2FBD4C517}.Release|Any CPU.Build.0 = Release|Any CPU
		{2CA23302-9E67-4113-93CA-8BA2FBD4C517}.Release|x64.ActiveCfg = Release|Any CPU
		{2CA23302-9E67-4113-93CA-8BA2FBD4C517}.Release|x64.Build.0 = Release|Any CPU
		{2CA23302-9E67-4113-93CA-8BA2FBD4C517}.Release|x86.ActiveCfg = Release|Any CPU
		{2CA23302-9E67-4113-93CA-8BA2FBD4C517}.Release|x86.Build.0 = Release|Any CPU
	EndGlobalSection
EndGlobal
